// !$*UTF8*$!
{
	archiveVersion = 1;
	classes = {
	};
	objectVersion = 56;
	objects = {

/* Begin PBXBuildFile section */
		4DD6696E2AB2C6EC00964936 /* AppDelegate.swift in Sources */ = {isa = PBXBuildFile; fileRef = 4DD6696D2AB2C6EC00964936 /* AppDelegate.swift */; };
		4DD669702AB2C6EC00964936 /* SceneDelegate.swift in Sources */ = {isa = PBXBuildFile; fileRef = 4DD6696F2AB2C6EC00964936 /* SceneDelegate.swift */; };
		4DD669752AB2C6EC00964936 /* Main.storyboard in Resources */ = {isa = PBXBuildFile; fileRef = 4DD669732AB2C6EC00964936 /* Main.storyboard */; };
		4DD669772AB2C6ED00964936 /* Assets.xcassets in Resources */ = {isa = PBXBuildFile; fileRef = 4DD669762AB2C6ED00964936 /* Assets.xcassets */; };
		4DD6697A2AB2C6ED00964936 /* LaunchScreen.storyboard in Resources */ = {isa = PBXBuildFile; fileRef = 4DD669782AB2C6ED00964936 /* LaunchScreen.storyboard */; };
		4DD669822AB2CB5D00964936 /* Planet.swift in Sources */ = {isa = PBXBuildFile; fileRef = 4DD669812AB2CB5D00964936 /* Planet.swift */; };
		4DD669852AB2CBB800964936 /* RxCocoa in Frameworks */ = {isa = PBXBuildFile; productRef = 4DD669842AB2CBB800964936 /* RxCocoa */; };
		4DD669872AB2CBB800964936 /* RxSwift in Frameworks */ = {isa = PBXBuildFile; productRef = 4DD669862AB2CBB800964936 /* RxSwift */; };
		4DD669892AB2CBF500964936 /* PlanetsViewModel.swift in Sources */ = {isa = PBXBuildFile; fileRef = 4DD669882AB2CBF500964936 /* PlanetsViewModel.swift */; };
		4DD6698B2AB2CC3000964936 /* StarWarsService.swift in Sources */ = {isa = PBXBuildFile; fileRef = 4DD6698A2AB2CC3000964936 /* StarWarsService.swift */; };
		4DD6698D2AB2CCC300964936 /* PlanetsViewController.swift in Sources */ = {isa = PBXBuildFile; fileRef = 4DD6698C2AB2CCC300964936 /* PlanetsViewController.swift */; };
		4DD6698F2AB3424600964936 /* PlanetTableViewCell.swift in Sources */ = {isa = PBXBuildFile; fileRef = 4DD6698E2AB3424600964936 /* PlanetTableViewCell.swift */; };
		4DD669912AB34DC700964936 /* PlanetDetailViewController.swift in Sources */ = {isa = PBXBuildFile; fileRef = 4DD669902AB34DC700964936 /* PlanetDetailViewController.swift */; };
/* End PBXBuildFile section */

/* Begin PBXFileReference section */
		4DD6696A2AB2C6EC00964936 /* Star Wars App.app */ = {isa = PBXFileReference; explicitFileType = wrapper.application; includeInIndex = 0; path = "Star Wars App.app"; sourceTree = BUILT_PRODUCTS_DIR; };
		4DD6696D2AB2C6EC00964936 /* AppDelegate.swift */ = {isa = PBXFileReference; lastKnownFileType = sourcecode.swift; path = AppDelegate.swift; sourceTree = "<group>"; };
		4DD6696F2AB2C6EC00964936 /* SceneDelegate.swift */ = {isa = PBXFileReference; lastKnownFileType = sourcecode.swift; path = SceneDelegate.swift; sourceTree = "<group>"; };
		4DD669742AB2C6EC00964936 /* Base */ = {isa = PBXFileReference; lastKnownFileType = file.storyboard; name = Base; path = Base.lproj/Main.storyboard; sourceTree = "<group>"; };
		4DD669762AB2C6ED00964936 /* Assets.xcassets */ = {isa = PBXFileReference; lastKnownFileType = folder.assetcatalog; path = Assets.xcassets; sourceTree = "<group>"; };
		4DD669792AB2C6ED00964936 /* Base */ = {isa = PBXFileReference; lastKnownFileType = file.storyboard; name = Base; path = Base.lproj/LaunchScreen.storyboard; sourceTree = "<group>"; };
		4DD6697B2AB2C6ED00964936 /* Info.plist */ = {isa = PBXFileReference; lastKnownFileType = text.plist.xml; path = Info.plist; sourceTree = "<group>"; };
		4DD669812AB2CB5D00964936 /* Planet.swift */ = {isa = PBXFileReference; lastKnownFileType = sourcecode.swift; path = Planet.swift; sourceTree = "<group>"; };
		4DD669882AB2CBF500964936 /* PlanetsViewModel.swift */ = {isa = PBXFileReference; lastKnownFileType = sourcecode.swift; path = PlanetsViewModel.swift; sourceTree = "<group>"; };
		4DD6698A2AB2CC3000964936 /* StarWarsService.swift */ = {isa = PBXFileReference; lastKnownFileType = sourcecode.swift; path = StarWarsService.swift; sourceTree = "<group>"; };
		4DD6698C2AB2CCC300964936 /* PlanetsViewController.swift */ = {isa = PBXFileReference; lastKnownFileType = sourcecode.swift; path = PlanetsViewController.swift; sourceTree = "<group>"; };
		4DD6698E2AB3424600964936 /* PlanetTableViewCell.swift */ = {isa = PBXFileReference; lastKnownFileType = sourcecode.swift; path = PlanetTableViewCell.swift; sourceTree = "<group>"; };
		4DD669902AB34DC700964936 /* PlanetDetailViewController.swift */ = {isa = PBXFileReference; lastKnownFileType = sourcecode.swift; path = PlanetDetailViewController.swift; sourceTree = "<group>"; };
/* End PBXFileReference section */

/* Begin PBXFrameworksBuildPhase section */
		4DD669672AB2C6EC00964936 /* Frameworks */ = {
			isa = PBXFrameworksBuildPhase;
			buildActionMask = 2147483647;
			files = (
				4DD669872AB2CBB800964936 /* RxSwift in Frameworks */,
				4DD669852AB2CBB800964936 /* RxCocoa in Frameworks */,
			);
			runOnlyForDeploymentPostprocessing = 0;
		};
/* End PBXFrameworksBuildPhase section */

/* Begin PBXGroup section */
		4DD669612AB2C6EC00964936 = {
			isa = PBXGroup;
			children = (
				4DD6696C2AB2C6EC00964936 /* Star Wars App */,
				4DD6696B2AB2C6EC00964936 /* Products */,
			);
			sourceTree = "<group>";
		};
		4DD6696B2AB2C6EC00964936 /* Products */ = {
			isa = PBXGroup;
			children = (
				4DD6696A2AB2C6EC00964936 /* Star Wars App.app */,
			);
			name = Products;
			sourceTree = "<group>";
		};
		4DD6696C2AB2C6EC00964936 /* Star Wars App */ = {
			isa = PBXGroup;
			children = (
				4DD669952AB373DE00964936 /* Service */,
				4DD669942AB373CF00964936 /* Model */,
				4DD669932AB373B700964936 /* View */,
				4DD669922AB3738C00964936 /* ViewModel */,
				4DD6696D2AB2C6EC00964936 /* AppDelegate.swift */,
				4DD6696F2AB2C6EC00964936 /* SceneDelegate.swift */,
				4DD669732AB2C6EC00964936 /* Main.storyboard */,
				4DD669762AB2C6ED00964936 /* Assets.xcassets */,
				4DD669782AB2C6ED00964936 /* LaunchScreen.storyboard */,
				4DD6697B2AB2C6ED00964936 /* Info.plist */,
			);
			path = "Star Wars App";
			sourceTree = "<group>";
		};
		4DD669922AB3738C00964936 /* ViewModel */ = {
			isa = PBXGroup;
			children = (
				4DD669882AB2CBF500964936 /* PlanetsViewModel.swift */,
			);
			path = ViewModel;
			sourceTree = "<group>";
		};
		4DD669932AB373B700964936 /* View */ = {
			isa = PBXGroup;
			children = (
				4DD6698C2AB2CCC300964936 /* PlanetsViewController.swift */,
				4DD6698E2AB3424600964936 /* PlanetTableViewCell.swift */,
				4DD669902AB34DC700964936 /* PlanetDetailViewController.swift */,
			);
			path = View;
			sourceTree = "<group>";
		};
		4DD669942AB373CF00964936 /* Model */ = {
			isa = PBXGroup;
			children = (
				4DD669812AB2CB5D00964936 /* Planet.swift */,
			);
			path = Model;
			sourceTree = "<group>";
		};
		4DD669952AB373DE00964936 /* Service */ = {
			isa = PBXGroup;
			children = (
				4DD6698A2AB2CC3000964936 /* StarWarsService.swift */,
			);
			path = Service;
			sourceTree = "<group>";
		};
/* End PBXGroup section */

/* Begin PBXNativeTarget section */
		4DD669692AB2C6EC00964936 /* Star Wars App */ = {
			isa = PBXNativeTarget;
			buildConfigurationList = 4DD6697E2AB2C6ED00964936 /* Build configuration list for PBXNativeTarget "Star Wars App" */;
			buildPhases = (
				4DD669662AB2C6EC00964936 /* Sources */,
				4DD669672AB2C6EC00964936 /* Frameworks */,
				4DD669682AB2C6EC00964936 /* Resources */,
			);
			buildRules = (
			);
			dependencies = (
			);
			name = "Star Wars App";
			packageProductDependencies = (
				4DD669842AB2CBB800964936 /* RxCocoa */,
				4DD669862AB2CBB800964936 /* RxSwift */,
			);
			productName = "Star Wars App";
			productReference = 4DD6696A2AB2C6EC00964936 /* Star Wars App.app */;
			productType = "com.apple.product-type.application";
		};
/* End PBXNativeTarget section */

/* Begin PBXProject section */
		4DD669622AB2C6EC00964936 /* Project object */ = {
			isa = PBXProject;
			attributes = {
				BuildIndependentTargetsInParallel = 1;
				LastSwiftUpdateCheck = 1430;
				LastUpgradeCheck = 1430;
				TargetAttributes = {
					4DD669692AB2C6EC00964936 = {
						CreatedOnToolsVersion = 14.3.1;
					};
				};
			};
			buildConfigurationList = 4DD669652AB2C6EC00964936 /* Build configuration list for PBXProject "Star Wars App" */;
			compatibilityVersion = "Xcode 14.0";
			developmentRegion = en;
			hasScannedForEncodings = 0;
			knownRegions = (
				en,
				Base,
			);
			mainGroup = 4DD669612AB2C6EC00964936;
			packageReferences = (
				4DD669832AB2CBB800964936 /* XCRemoteSwiftPackageReference "RxSwift" */,
			);
			productRefGroup = 4DD6696B2AB2C6EC00964936 /* Products */;
			projectDirPath = "";
			projectRoot = "";
			targets = (
				4DD669692AB2C6EC00964936 /* Star Wars App */,
			);
		};
/* End PBXProject section */

/* Begin PBXResourcesBuildPhase section */
		4DD669682AB2C6EC00964936 /* Resources */ = {
			isa = PBXResourcesBuildPhase;
			buildActionMask = 2147483647;
			files = (
				4DD6697A2AB2C6ED00964936 /* LaunchScreen.storyboard in Resources */,
				4DD669772AB2C6ED00964936 /* Assets.xcassets in Resources */,
				4DD669752AB2C6EC00964936 /* Main.storyboard in Resources */,
			);
			runOnlyForDeploymentPostprocessing = 0;
		};
/* End PBXResourcesBuildPhase section */

/* Begin PBXSourcesBuildPhase section */
		4DD669662AB2C6EC00964936 /* Sources */ = {
			isa = PBXSourcesBuildPhase;
			buildActionMask = 2147483647;
			files = (
				4DD6698F2AB3424600964936 /* PlanetTableViewCell.swift in Sources */,
				4DD6696E2AB2C6EC00964936 /* AppDelegate.swift in Sources */,
				4DD669912AB34DC700964936 /* PlanetDetailViewController.swift in Sources */,
				4DD6698D2AB2CCC300964936 /* PlanetsViewController.swift in Sources */,
				4DD669702AB2C6EC00964936 /* SceneDelegate.swift in Sources */,
				4DD669892AB2CBF500964936 /* PlanetsViewModel.swift in Sources */,
				4DD6698B2AB2CC3000964936 /* StarWarsService.swift in Sources */,
				4DD669822AB2CB5D00964936 /* Planet.swift in Sources */,
			);
			runOnlyForDeploymentPostprocessing = 0;
		};
/* End PBXSourcesBuildPhase section */

/* Begin PBXVariantGroup section */
		4DD669732AB2C6EC00964936 /* Main.storyboard */ = {
			isa = PBXVariantGroup;
			children = (
				4DD669742AB2C6EC00964936 /* Base */,
			);
			name = Main.storyboard;
			sourceTree = "<group>";
		};
		4DD669782AB2C6ED00964936 /* LaunchScreen.storyboard */ = {
			isa = PBXVariantGroup;
			children = (
				4DD669792AB2C6ED00964936 /* Base */,
			);
			name = LaunchScreen.storyboard;
			sourceTree = "<group>";
		};
/* End PBXVariantGroup section */

/* Begin XCBuildConfiguration section */
		4DD6697C2AB2C6ED00964936 /* Debug */ = {
			isa = XCBuildConfiguration;
			buildSettings = {
				ALWAYS_SEARCH_USER_PATHS = NO;
				CLANG_ANALYZER_NONNULL = YES;
				CLANG_ANALYZER_NUMBER_OBJECT_CONVERSION = YES_AGGRESSIVE;
				CLANG_CXX_LANGUAGE_STANDARD = "gnu++20";
				CLANG_ENABLE_MODULES = YES;
				CLANG_ENABLE_OBJC_ARC = YES;
				CLANG_ENABLE_OBJC_WEAK = YES;
				CLANG_WARN_BLOCK_CAPTURE_AUTORELEASING = YES;
				CLANG_WARN_BOOL_CONVERSION = YES;
				CLANG_WARN_COMMA = YES;
				CLANG_WARN_CONSTANT_CONVERSION = YES;
				CLANG_WARN_DEPRECATED_OBJC_IMPLEMENTATIONS = YES;
				CLANG_WARN_DIRECT_OBJC_ISA_USAGE = YES_ERROR;
				CLANG_WARN_DOCUMENTATION_COMMENTS = YES;
				CLANG_WARN_EMPTY_BODY = YES;
				CLANG_WARN_ENUM_CONVERSION = YES;
				CLANG_WARN_INFINITE_RECURSION = YES;
				CLANG_WARN_INT_CONVERSION = YES;
				CLANG_WARN_NON_LITERAL_NULL_CONVERSION = YES;
				CLANG_WARN_OBJC_IMPLICIT_RETAIN_SELF = YES;
				CLANG_WARN_OBJC_LITERAL_CONVERSION = YES;
				CLANG_WARN_OBJC_ROOT_CLASS = YES_ERROR;
				CLANG_WARN_QUOTED_INCLUDE_IN_FRAMEWORK_HEADER = YES;
				CLANG_WARN_RANGE_LOOP_ANALYSIS = YES;
				CLANG_WARN_STRICT_PROTOTYPES = YES;
				CLANG_WARN_SUSPICIOUS_MOVE = YES;
				CLANG_WARN_UNGUARDED_AVAILABILITY = YES_AGGRESSIVE;
				CLANG_WARN_UNREACHABLE_CODE = YES;
				CLANG_WARN__DUPLICATE_METHOD_MATCH = YES;
				COPY_PHASE_STRIP = NO;
				DEBUG_INFORMATION_FORMAT = dwarf;
				ENABLE_STRICT_OBJC_MSGSEND = YES;
				ENABLE_TESTABILITY = YES;
				GCC_C_LANGUAGE_STANDARD = gnu11;
				GCC_DYNAMIC_NO_PIC = NO;
				GCC_NO_COMMON_BLOCKS = YES;
				GCC_OPTIMIZATION_LEVEL = 0;
				GCC_PREPROCESSOR_DEFINITIONS = (
					"DEBUG=1",
					"$(inherited)",
				);
				GCC_WARN_64_TO_32_BIT_CONVERSION = YES;
				GCC_WARN_ABOUT_RETURN_TYPE = YES_ERROR;
				GCC_WARN_UNDECLARED_SELECTOR = YES;
				GCC_WARN_UNINITIALIZED_AUTOS = YES_AGGRESSIVE;
				GCC_WARN_UNUSED_FUNCTION = YES;
				GCC_WARN_UNUSED_VARIABLE = YES;
				IPHONEOS_DEPLOYMENT_TARGET = 16.4;
				MTL_ENABLE_DEBUG_INFO = INCLUDE_SOURCE;
				MTL_FAST_MATH = YES;
				ONLY_ACTIVE_ARCH = YES;
				SDKROOT = iphoneos;
				SWIFT_ACTIVE_COMPILATION_CONDITIONS = DEBUG;
				SWIFT_OPTIMIZATION_LEVEL = "-Onone";
			};
			name = Debug;
		};
		4DD6697D2AB2C6ED00964936 /* Release */ = {
			isa = XCBuildConfiguration;
			buildSettings = {
				ALWAYS_SEARCH_USER_PATHS = NO;
				CLANG_ANALYZER_NONNULL = YES;
				CLANG_ANALYZER_NUMBER_OBJECT_CONVERSION = YES_AGGRESSIVE;
				CLANG_CXX_LANGUAGE_STANDARD = "gnu++20";
				CLANG_ENABLE_MODULES = YES;
				CLANG_ENABLE_OBJC_ARC = YES;
				CLANG_ENABLE_OBJC_WEAK = YES;
				CLANG_WARN_BLOCK_CAPTURE_AUTORELEASING = YES;
				CLANG_WARN_BOOL_CONVERSION = YES;
				CLANG_WARN_COMMA = YES;
				CLANG_WARN_CONSTANT_CONVERSION = YES;
				CLANG_WARN_DEPRECATED_OBJC_IMPLEMENTATIONS = YES;
				CLANG_WARN_DIRECT_OBJC_ISA_USAGE = YES_ERROR;
				CLANG_WARN_DOCUMENTATION_COMMENTS = YES;
				CLANG_WARN_EMPTY_BODY = YES;
				CLANG_WARN_ENUM_CONVERSION = YES;
				CLANG_WARN_INFINITE_RECURSION = YES;
				CLANG_WARN_INT_CONVERSION = YES;
				CLANG_WARN_NON_LITERAL_NULL_CONVERSION = YES;
				CLANG_WARN_OBJC_IMPLICIT_RETAIN_SELF = YES;
				CLANG_WARN_OBJC_LITERAL_CONVERSION = YES;
				CLANG_WARN_OBJC_ROOT_CLASS = YES_ERROR;
				CLANG_WARN_QUOTED_INCLUDE_IN_FRAMEWORK_HEADER = YES;
				CLANG_WARN_RANGE_LOOP_ANALYSIS = YES;
				CLANG_WARN_STRICT_PROTOTYPES = YES;
				CLANG_WARN_SUSPICIOUS_MOVE = YES;
				CLANG_WARN_UNGUARDED_AVAILABILITY = YES_AGGRESSIVE;
				CLANG_WARN_UNREACHABLE_CODE = YES;
				CLANG_WARN__DUPLICATE_METHOD_MATCH = YES;
				COPY_PHASE_STRIP = NO;
				DEBUG_INFORMATION_FORMAT = "dwarf-with-dsym";
				ENABLE_NS_ASSERTIONS = NO;
				ENABLE_STRICT_OBJC_MSGSEND = YES;
				GCC_C_LANGUAGE_STANDARD = gnu11;
				GCC_NO_COMMON_BLOCKS = YES;
				GCC_WARN_64_TO_32_BIT_CONVERSION = YES;
				GCC_WARN_ABOUT_RETURN_TYPE = YES_ERROR;
				GCC_WARN_UNDECLARED_SELECTOR = YES;
				GCC_WARN_UNINITIALIZED_AUTOS = YES_AGGRESSIVE;
				GCC_WARN_UNUSED_FUNCTION = YES;
				GCC_WARN_UNUSED_VARIABLE = YES;
				IPHONEOS_DEPLOYMENT_TARGET = 16.4;
				MTL_ENABLE_DEBUG_INFO = NO;
				MTL_FAST_MATH = YES;
				SDKROOT = iphoneos;
				SWIFT_COMPILATION_MODE = wholemodule;
				SWIFT_OPTIMIZATION_LEVEL = "-O";
				VALIDATE_PRODUCT = YES;
			};
			name = Release;
		};
		4DD6697F2AB2C6ED00964936 /* Debug */ = {
			isa = XCBuildConfiguration;
			buildSettings = {
				ASSETCATALOG_COMPILER_APPICON_NAME = AppIcon;
				ASSETCATALOG_COMPILER_GLOBAL_ACCENT_COLOR_NAME = AccentColor;
				CODE_SIGN_STYLE = Automatic;
				CURRENT_PROJECT_VERSION = 1;
				DEVELOPMENT_TEAM = CDY4S44M5Q;
				GENERATE_INFOPLIST_FILE = YES;
				INFOPLIST_FILE = "Star Wars App/Info.plist";
				INFOPLIST_KEY_UIApplicationSupportsIndirectInputEvents = YES;
				INFOPLIST_KEY_UILaunchStoryboardName = LaunchScreen;
				INFOPLIST_KEY_UIMainStoryboardFile = Main;
				INFOPLIST_KEY_UISupportedInterfaceOrientations_iPad = "UIInterfaceOrientationPortrait UIInterfaceOrientationPortraitUpsideDown UIInterfaceOrientationLandscapeLeft UIInterfaceOrientationLandscapeRight";
				INFOPLIST_KEY_UISupportedInterfaceOrientations_iPhone = "UIInterfaceOrientationPortrait UIInterfaceOrientationLandscapeLeft UIInterfaceOrientationLandscapeRight";
				LD_RUNPATH_SEARCH_PATHS = (
					"$(inherited)",
					"@executable_path/Frameworks",
				);
				MARKETING_VERSION = 1.0;
				PRODUCT_BUNDLE_IDENTIFIER = "com.star.was.Star-Wars-App";
				PRODUCT_NAME = "$(TARGET_NAME)";
				SWIFT_EMIT_LOC_STRINGS = YES;
				SWIFT_VERSION = 5.0;
				TARGETED_DEVICE_FAMILY = "1,2";
			};
			name = Debug;
		};
		4DD669802AB2C6ED00964936 /* Release */ = {
			isa = XCBuildConfiguration;
			buildSettings = {
				ASSETCATALOG_COMPILER_APPICON_NAME = AppIcon;
				ASSETCATALOG_COMPILER_GLOBAL_ACCENT_COLOR_NAME = AccentColor;
				CODE_SIGN_STYLE = Automatic;
				CURRENT_PROJECT_VERSION = 1;
				DEVELOPMENT_TEAM = CDY4S44M5Q;
				GENERATE_INFOPLIST_FILE = YES;
				INFOPLIST_FILE = "Star Wars App/Info.plist";
				INFOPLIST_KEY_UIApplicationSupportsIndirectInputEvents = YES;
				INFOPLIST_KEY_UILaunchStoryboardName = LaunchScreen;
				INFOPLIST_KEY_UIMainStoryboardFile = Main;
				INFOPLIST_KEY_UISupportedInterfaceOrientations_iPad = "UIInterfaceOrientationPortrait UIInterfaceOrientationPortraitUpsideDown UIInterfaceOrientationLandscapeLeft UIInterfaceOrientationLandscapeRight";
				INFOPLIST_KEY_UISupportedInterfaceOrientations_iPhone = "UIInterfaceOrientationPortrait UIInterfaceOrientationLandscapeLeft UIInterfaceOrientationLandscapeRight";
				LD_RUNPATH_SEARCH_PATHS = (
					"$(inherited)",
					"@executable_path/Frameworks",
				);
				MARKETING_VERSION = 1.0;
				PRODUCT_BUNDLE_IDENTIFIER = "com.star.was.Star-Wars-App";
				PRODUCT_NAME = "$(TARGET_NAME)";
				SWIFT_EMIT_LOC_STRINGS = YES;
				SWIFT_VERSION = 5.0;
				TARGETED_DEVICE_FAMILY = "1,2";
			};
			name = Release;
		};
/* End XCBuildConfiguration section */

/* Begin XCConfigurationList section */
		4DD669652AB2C6EC00964936 /* Build configuration list for PBXProject "Star Wars App" */ = {
			isa = XCConfigurationList;
			buildConfigurations = (
				4DD6697C2AB2C6ED00964936 /* Debug */,
				4DD6697D2AB2C6ED00964936 /* Release */,
			);
			defaultConfigurationIsVisible = 0;
			defaultConfigurationName = Release;
		};
		4DD6697E2AB2C6ED00964936 /* Build configuration list for PBXNativeTarget "Star Wars App" */ = {
			isa = XCConfigurationList;
			buildConfigurations = (
				4DD6697F2AB2C6ED00964936 /* Debug */,
				4DD669802AB2C6ED00964936 /* Release */,
			);
			defaultConfigurationIsVisible = 0;
			defaultConfigurationName = Release;
		};
/* End XCConfigurationList section */

/* Begin XCRemoteSwiftPackageReference section */
		4DD669832AB2CBB800964936 /* XCRemoteSwiftPackageReference "RxSwift" */ = {
			isa = XCRemoteSwiftPackageReference;
			repositoryURL = "https://github.com/ReactiveX/RxSwift.git";
			requirement = {
				kind = upToNextMajorVersion;
				minimumVersion = 6.0.0;
			};
		};
/* End XCRemoteSwiftPackageReference section */

/* Begin XCSwiftPackageProductDependency section */
		4DD669842AB2CBB800964936 /* RxCocoa */ = {
			isa = XCSwiftPackageProductDependency;
			package = 4DD669832AB2CBB800964936 /* XCRemoteSwiftPackageReference "RxSwift" */;
			productName = RxCocoa;
		};
		4DD669862AB2CBB800964936 /* RxSwift */ = {
			isa = XCSwiftPackageProductDependency;
			package = 4DD669832AB2CBB800964936 /* XCRemoteSwiftPackageReference "RxSwift" */;
			productName = RxSwift;
		};
/* End XCSwiftPackageProductDependency section */
	};
	rootObject = 4DD669622AB2C6EC00964936 /* Project object */;
}
